
Microsoft Visual Studio Solution File, Format Version 12.00
# Visual Studio 15
VisualStudioVersion = 15.0.27428.2043
MinimumVisualStudioVersion = 10.0.40219.1
Project("{FAE04EC0-301F-11D3-BF4B-00C04F79EFBC}") = "Strategy", "Strategy\Strategy.csproj", "{0D85B047-2C03-485A-9FEE-F1F39414E043}"
EndProject
Project("{FAE04EC0-301F-11D3-BF4B-00C04F79EFBC}") = "ObserverPattern", "Observer\ObserverPattern.csproj", "{2A0CAE7D-79B8-40DC-969F-409D0AAF66FA}"
EndProject
Project("{FAE04EC0-301F-11D3-BF4B-00C04F79EFBC}") = "Decorator", "Decorator\Decorator.csproj", "{2E5F009E-DD8D-4233-BB71-9F8C1350B0EC}"
EndProject
Project("{FAE04EC0-301F-11D3-BF4B-00C04F79EFBC}") = "FactoryMethod", "FactoryMethod\FactoryMethod.csproj", "{6B95F3D7-9032-4A41-A6CF-C3BE64B10C7B}"
EndProject
Project("{FAE04EC0-301F-11D3-BF4B-00C04F79EFBC}") = "AbstractFactory", "AbstractFactory\AbstractFactory.csproj", "{B5E570C3-FE7C-4D64-94D0-03FBC312B22D}"
EndProject
Global
	GlobalSection(SolutionConfigurationPlatforms) = preSolution
		Debug|Any CPU = Debug|Any CPU
		Release|Any CPU = Release|Any CPU
	EndGlobalSection
	GlobalSection(ProjectConfigurationPlatforms) = postSolution
		{0D85B047-2C03-485A-9FEE-F1F39414E043}.Debug|Any CPU.ActiveCfg = Debug|Any CPU
		{0D85B047-2C03-485A-9FEE-F1F39414E043}.Debug|Any CPU.Build.0 = Debug|Any CPU
		{0D85B047-2C03-485A-9FEE-F1F39414E043}.Release|Any CPU.ActiveCfg = Release|Any CPU
		{0D85B047-2C03-485A-9FEE-F1F39414E043}.Release|Any CPU.Build.0 = Release|Any CPU
		{2A0CAE7D-79B8-40DC-969F-409D0AAF66FA}.Debug|Any CPU.ActiveCfg = Debug|Any CPU
		{2A0CAE7D-79B8-40DC-969F-409D0AAF66FA}.Debug|Any CPU.Build.0 = Debug|Any CPU
		{2A0CAE7D-79B8-40DC-969F-409D0AAF66FA}.Release|Any CPU.ActiveCfg = Release|Any CPU
		{2A0CAE7D-79B8-40DC-969F-409D0AAF66FA}.Release|Any CPU.Build.0 = Release|Any CPU
		{2E5F009E-DD8D-4233-BB71-9F8C1350B0EC}.Debug|Any CPU.ActiveCfg = Debug|Any CPU
		{2E5F009E-DD8D-4233-BB71-9F8C1350B0EC}.Debug|Any CPU.Build.0 = Debug|Any CPU
		{2E5F009E-DD8D-4233-BB71-9F8C1350B0EC}.Release|Any CPU.ActiveCfg = Release|Any CPU
		{2E5F009E-DD8D-4233-BB71-9F8C1350B0EC}.Release|Any CPU.Build.0 = Release|Any CPU
		{6B95F3D7-9032-4A41-A6CF-C3BE64B10C7B}.Debug|Any CPU.ActiveCfg = Debug|Any CPU
		{6B95F3D7-9032-4A41-A6CF-C3BE64B10C7B}.Debug|Any CPU.Build.0 = Debug|Any CPU
		{6B95F3D7-9032-4A41-A6CF-C3BE64B10C7B}.Release|Any CPU.ActiveCfg = Release|Any CPU
		{6B95F3D7-9032-4A41-A6CF-C3BE64B10C7B}.Release|Any CPU.Build.0 = Release|Any CPU
		{B5E570C3-FE7C-4D64-94D0-03FBC312B22D}.Debug|Any CPU.ActiveCfg = Debug|Any CPU
		{B5E570C3-FE7C-4D64-94D0-03FBC312B22D}.Debug|Any CPU.Build.0 = Debug|Any CPU
		{B5E570C3-FE7C-4D64-94D0-03FBC312B22D}.Release|Any CPU.ActiveCfg = Release|Any CPU
		{B5E570C3-FE7C-4D64-94D0-03FBC312B22D}.Release|Any CPU.Build.0 = Release|Any CPU
	EndGlobalSection
	GlobalSection(SolutionProperties) = preSolution
		HideSolutionNode = FALSE
	EndGlobalSection
	GlobalSection(ExtensibilityGlobals) = postSolution
		SolutionGuid = {C11C6D80-A568-4D4E-8F55-33456F7FF045}
	EndGlobalSection
EndGlobal
